
Microsoft Visual Studio Solution File, Format Version 12.00
Project("{FAE04EC0-301F-11D3-BF4B-00C04F79EFBC}") = "di", "FractalPainter/di.csproj", "{4B70F6B3-5C20-40D2-BFC9-D95C18D65DD6}"
EndProject
Project("{FAE04EC0-301F-11D3-BF4B-00C04F79EFBC}") = "TagsCloudContainer", "TagsCloudContainer\TagsCloudContainer.csproj", "{BF97F285-E714-4A96-BAA3-56D091205F10}"
EndProject
Project("{FAE04EC0-301F-11D3-BF4B-00C04F79EFBC}") = "TagsCloudContainer.Tests", "TagsCloudContainer.Tests\TagsCloudContainer.Tests.csproj", "{244F8D38-79CC-4135-A85D-4AF82322B0DD}"
EndProject
Global
	GlobalSection(SolutionConfigurationPlatforms) = preSolution
		Debug|Any CPU = Debug|Any CPU
		Release|Any CPU = Release|Any CPU
	EndGlobalSection
	GlobalSection(ProjectConfigurationPlatforms) = postSolution
		{4B70F6B3-5C20-40D2-BFC9-D95C18D65DD6}.Debug|Any CPU.ActiveCfg = Debug|Any CPU
		{4B70F6B3-5C20-40D2-BFC9-D95C18D65DD6}.Debug|Any CPU.Build.0 = Debug|Any CPU
		{4B70F6B3-5C20-40D2-BFC9-D95C18D65DD6}.Release|Any CPU.ActiveCfg = Release|Any CPU
		{4B70F6B3-5C20-40D2-BFC9-D95C18D65DD6}.Release|Any CPU.Build.0 = Release|Any CPU
		{BF97F285-E714-4A96-BAA3-56D091205F10}.Debug|Any CPU.ActiveCfg = Debug|Any CPU
		{BF97F285-E714-4A96-BAA3-56D091205F10}.Debug|Any CPU.Build.0 = Debug|Any CPU
		{BF97F285-E714-4A96-BAA3-56D091205F10}.Release|Any CPU.ActiveCfg = Release|Any CPU
		{BF97F285-E714-4A96-BAA3-56D091205F10}.Release|Any CPU.Build.0 = Release|Any CPU
		{244F8D38-79CC-4135-A85D-4AF82322B0DD}.Debug|Any CPU.ActiveCfg = Debug|Any CPU
		{244F8D38-79CC-4135-A85D-4AF82322B0DD}.Debug|Any CPU.Build.0 = Debug|Any CPU
		{244F8D38-79CC-4135-A85D-4AF82322B0DD}.Release|Any CPU.ActiveCfg = Release|Any CPU
		{244F8D38-79CC-4135-A85D-4AF82322B0DD}.Release|Any CPU.Build.0 = Release|Any CPU
	EndGlobalSection
EndGlobal
